// !$*UTF8*$!
{
	archiveVersion = 1;
	classes = {
	};
	objectVersion = 51;
	objects = {

/* Begin PBXBuildFile section */
		9B761B4B24F6D22700A017A9 /* Localizable.strings in Resources */ = {isa = PBXBuildFile; fileRef = 9B761B4D24F6D22700A017A9 /* Localizable.strings */; };
		9B842DE124E467FF00565652 /* AppDelegate.swift in Sources */ = {isa = PBXBuildFile; fileRef = 9B842DE024E467FF00565652 /* AppDelegate.swift */; };
		9B842DE624E467FF00565652 /* Main.storyboard in Resources */ = {isa = PBXBuildFile; fileRef = 9B842DE424E467FF00565652 /* Main.storyboard */; };
		9B842DE824E4680300565652 /* Assets.xcassets in Resources */ = {isa = PBXBuildFile; fileRef = 9B842DE724E4680300565652 /* Assets.xcassets */; };
		9B842DEB24E4680300565652 /* LaunchScreen.storyboard in Resources */ = {isa = PBXBuildFile; fileRef = 9B842DE924E4680300565652 /* LaunchScreen.storyboard */; };
		9BCD100324E4BFF800A05994 /* RedditAPI.swift in Sources */ = {isa = PBXBuildFile; fileRef = 9BCD100224E4BFF800A05994 /* RedditAPI.swift */; };
		9BCD100724E4CE7900A05994 /* Post.swift in Sources */ = {isa = PBXBuildFile; fileRef = 9BCD100624E4CE7900A05994 /* Post.swift */; };
		9BCD100924E4E3C900A05994 /* DataSourceRepo.swift in Sources */ = {isa = PBXBuildFile; fileRef = 9BCD100824E4E3C900A05994 /* DataSourceRepo.swift */; };
		9BCD100B24E4F0FC00A05994 /* Posts.swift in Sources */ = {isa = PBXBuildFile; fileRef = 9BCD100A24E4F0FC00A05994 /* Posts.swift */; };
		9BCD100D24E598B300A05994 /* DataSourceRepoTests.swift in Sources */ = {isa = PBXBuildFile; fileRef = 9BCD100C24E598B300A05994 /* DataSourceRepoTests.swift */; };
		9BCD100F24E5A0B200A05994 /* Result42.swift in Sources */ = {isa = PBXBuildFile; fileRef = 9BCD100E24E5A0B200A05994 /* Result42.swift */; };
		9BCD101224E5B01A00A05994 /* PostViewModel.swift in Sources */ = {isa = PBXBuildFile; fileRef = 9BCD101124E5B01A00A05994 /* PostViewModel.swift */; };
		9BCD101424E5BB9600A05994 /* PostsListViewModel.swift in Sources */ = {isa = PBXBuildFile; fileRef = 9BCD101324E5BB9600A05994 /* PostsListViewModel.swift */; };
		9BCD101624E5FE3400A05994 /* PostsTableViewController.swift in Sources */ = {isa = PBXBuildFile; fileRef = 9BCD101524E5FE3400A05994 /* PostsTableViewController.swift */; };
		9BCD101924E61E5C00A05994 /* PostTableViewCell.swift in Sources */ = {isa = PBXBuildFile; fileRef = 9BCD101824E61E5C00A05994 /* PostTableViewCell.swift */; };
		9BCD101B24E636A100A05994 /* PostDetailViewController.swift in Sources */ = {isa = PBXBuildFile; fileRef = 9BCD101A24E636A100A05994 /* PostDetailViewController.swift */; };
		9BCD104B24E6F84600A05994 /* PostsRootViewController.swift in Sources */ = {isa = PBXBuildFile; fileRef = 9BCD104A24E6F84600A05994 /* PostsRootViewController.swift */; };
		9C090F928D1B023C2A174B47 /* Pods_RedditList.framework in Frameworks */ = {isa = PBXBuildFile; fileRef = BB50EDDD03B885C5E3882260 /* Pods_RedditList.framework */; };
		FD9FBAC78C91237628EA42FA /* Pods_RedditListTests.framework in Frameworks */ = {isa = PBXBuildFile; fileRef = 828DD65E9ACCBB54F8373FB7 /* Pods_RedditListTests.framework */; };
/* End PBXBuildFile section */

/* Begin PBXContainerItemProxy section */
		9B842DF224E4680400565652 /* PBXContainerItemProxy */ = {
			isa = PBXContainerItemProxy;
			containerPortal = 9B842DD524E467FF00565652 /* Project object */;
			proxyType = 1;
			remoteGlobalIDString = 9B842DDC24E467FF00565652;
			remoteInfo = RedditList;
		};
/* End PBXContainerItemProxy section */

/* Begin PBXFileReference section */
		33E8D8FDD2EAF366F346AEF5 /* Pods-RedditList.debug.xcconfig */ = {isa = PBXFileReference; includeInIndex = 1; lastKnownFileType = text.xcconfig; name = "Pods-RedditList.debug.xcconfig"; path = "Target Support Files/Pods-RedditList/Pods-RedditList.debug.xcconfig"; sourceTree = "<group>"; };
		6567C3DBCE9016D4B1104700 /* Pods-RedditList.release.xcconfig */ = {isa = PBXFileReference; includeInIndex = 1; lastKnownFileType = text.xcconfig; name = "Pods-RedditList.release.xcconfig"; path = "Target Support Files/Pods-RedditList/Pods-RedditList.release.xcconfig"; sourceTree = "<group>"; };
		828DD65E9ACCBB54F8373FB7 /* Pods_RedditListTests.framework */ = {isa = PBXFileReference; explicitFileType = wrapper.framework; includeInIndex = 0; path = Pods_RedditListTests.framework; sourceTree = BUILT_PRODUCTS_DIR; };
		9B761B4724F6D0A000A017A9 /* zh-Hans */ = {isa = PBXFileReference; lastKnownFileType = text.plist.strings; name = "zh-Hans"; path = "zh-Hans.lproj/Main.strings"; sourceTree = "<group>"; };
		9B761B4824F6D0A000A017A9 /* zh-Hans */ = {isa = PBXFileReference; lastKnownFileType = text.plist.strings; name = "zh-Hans"; path = "zh-Hans.lproj/LaunchScreen.strings"; sourceTree = "<group>"; };
		9B761B4C24F6D22700A017A9 /* zh-Hans */ = {isa = PBXFileReference; lastKnownFileType = text.plist.strings; name = "zh-Hans"; path = "zh-Hans.lproj/Localizable.strings"; sourceTree = "<group>"; };
		9B761B4E24F6D24800A017A9 /* en */ = {isa = PBXFileReference; lastKnownFileType = text.plist.strings; name = en; path = en.lproj/Localizable.strings; sourceTree = "<group>"; };
		9B842DDD24E467FF00565652 /* RedditList.app */ = {isa = PBXFileReference; explicitFileType = wrapper.application; includeInIndex = 0; path = RedditList.app; sourceTree = BUILT_PRODUCTS_DIR; };
		9B842DE024E467FF00565652 /* AppDelegate.swift */ = {isa = PBXFileReference; lastKnownFileType = sourcecode.swift; path = AppDelegate.swift; sourceTree = "<group>"; };
		9B842DE524E467FF00565652 /* Base */ = {isa = PBXFileReference; lastKnownFileType = file.storyboard; name = Base; path = Base.lproj/Main.storyboard; sourceTree = "<group>"; };
		9B842DE724E4680300565652 /* Assets.xcassets */ = {isa = PBXFileReference; lastKnownFileType = folder.assetcatalog; path = Assets.xcassets; sourceTree = "<group>"; };
		9B842DEA24E4680300565652 /* Base */ = {isa = PBXFileReference; lastKnownFileType = file.storyboard; name = Base; path = Base.lproj/LaunchScreen.storyboard; sourceTree = "<group>"; };
		9B842DEC24E4680300565652 /* Info.plist */ = {isa = PBXFileReference; lastKnownFileType = text.plist.xml; path = Info.plist; sourceTree = "<group>"; };
		9B842DF124E4680400565652 /* RedditListTests.xctest */ = {isa = PBXFileReference; explicitFileType = wrapper.cfbundle; includeInIndex = 0; path = RedditListTests.xctest; sourceTree = BUILT_PRODUCTS_DIR; };
		9B842DF724E4680400565652 /* Info.plist */ = {isa = PBXFileReference; lastKnownFileType = text.plist.xml; path = Info.plist; sourceTree = "<group>"; };
		9BCD100224E4BFF800A05994 /* RedditAPI.swift */ = {isa = PBXFileReference; lastKnownFileType = sourcecode.swift; path = RedditAPI.swift; sourceTree = "<group>"; };
		9BCD100624E4CE7900A05994 /* Post.swift */ = {isa = PBXFileReference; lastKnownFileType = sourcecode.swift; path = Post.swift; sourceTree = "<group>"; };
		9BCD100824E4E3C900A05994 /* DataSourceRepo.swift */ = {isa = PBXFileReference; lastKnownFileType = sourcecode.swift; path = DataSourceRepo.swift; sourceTree = "<group>"; };
		9BCD100A24E4F0FC00A05994 /* Posts.swift */ = {isa = PBXFileReference; lastKnownFileType = sourcecode.swift; path = Posts.swift; sourceTree = "<group>"; };
		9BCD100C24E598B300A05994 /* DataSourceRepoTests.swift */ = {isa = PBXFileReference; lastKnownFileType = sourcecode.swift; path = DataSourceRepoTests.swift; sourceTree = "<group>"; };
		9BCD100E24E5A0B200A05994 /* Result42.swift */ = {isa = PBXFileReference; lastKnownFileType = sourcecode.swift; path = Result42.swift; sourceTree = "<group>"; };
		9BCD101124E5B01A00A05994 /* PostViewModel.swift */ = {isa = PBXFileReference; lastKnownFileType = sourcecode.swift; path = PostViewModel.swift; sourceTree = "<group>"; };
		9BCD101324E5BB9600A05994 /* PostsListViewModel.swift */ = {isa = PBXFileReference; lastKnownFileType = sourcecode.swift; path = PostsListViewModel.swift; sourceTree = "<group>"; };
		9BCD101524E5FE3400A05994 /* PostsTableViewController.swift */ = {isa = PBXFileReference; lastKnownFileType = sourcecode.swift; path = PostsTableViewController.swift; sourceTree = "<group>"; };
		9BCD101824E61E5C00A05994 /* PostTableViewCell.swift */ = {isa = PBXFileReference; lastKnownFileType = sourcecode.swift; path = PostTableViewCell.swift; sourceTree = "<group>"; };
		9BCD101A24E636A100A05994 /* PostDetailViewController.swift */ = {isa = PBXFileReference; lastKnownFileType = sourcecode.swift; path = PostDetailViewController.swift; sourceTree = "<group>"; };
		9BCD104A24E6F84600A05994 /* PostsRootViewController.swift */ = {isa = PBXFileReference; lastKnownFileType = sourcecode.swift; path = PostsRootViewController.swift; sourceTree = "<group>"; };
		BB50EDDD03B885C5E3882260 /* Pods_RedditList.framework */ = {isa = PBXFileReference; explicitFileType = wrapper.framework; includeInIndex = 0; path = Pods_RedditList.framework; sourceTree = BUILT_PRODUCTS_DIR; };
		EC6DEA84801683DB497F2061 /* Pods-RedditListTests.release.xcconfig */ = {isa = PBXFileReference; includeInIndex = 1; lastKnownFileType = text.xcconfig; name = "Pods-RedditListTests.release.xcconfig"; path = "Target Support Files/Pods-RedditListTests/Pods-RedditListTests.release.xcconfig"; sourceTree = "<group>"; };
		F23715F853491435B1D782C2 /* Pods-RedditListTests.debug.xcconfig */ = {isa = PBXFileReference; includeInIndex = 1; lastKnownFileType = text.xcconfig; name = "Pods-RedditListTests.debug.xcconfig"; path = "Target Support Files/Pods-RedditListTests/Pods-RedditListTests.debug.xcconfig"; sourceTree = "<group>"; };
/* End PBXFileReference section */

/* Begin PBXFrameworksBuildPhase section */
		9B842DDA24E467FF00565652 /* Frameworks */ = {
			isa = PBXFrameworksBuildPhase;
			buildActionMask = 2147483647;
			files = (
				9C090F928D1B023C2A174B47 /* Pods_RedditList.framework in Frameworks */,
			);
			runOnlyForDeploymentPostprocessing = 0;
		};
		9B842DEE24E4680400565652 /* Frameworks */ = {
			isa = PBXFrameworksBuildPhase;
			buildActionMask = 2147483647;
			files = (
				FD9FBAC78C91237628EA42FA /* Pods_RedditListTests.framework in Frameworks */,
			);
			runOnlyForDeploymentPostprocessing = 0;
		};
/* End PBXFrameworksBuildPhase section */

/* Begin PBXGroup section */
		0039350D34A3C6639781F037 /* Pods */ = {
			isa = PBXGroup;
			children = (
				33E8D8FDD2EAF366F346AEF5 /* Pods-RedditList.debug.xcconfig */,
				6567C3DBCE9016D4B1104700 /* Pods-RedditList.release.xcconfig */,
				F23715F853491435B1D782C2 /* Pods-RedditListTests.debug.xcconfig */,
				EC6DEA84801683DB497F2061 /* Pods-RedditListTests.release.xcconfig */,
			);
			path = Pods;
			sourceTree = "<group>";
		};
		16922EFF37B7B81C36D577DC /* Frameworks */ = {
			isa = PBXGroup;
			children = (
				BB50EDDD03B885C5E3882260 /* Pods_RedditList.framework */,
				828DD65E9ACCBB54F8373FB7 /* Pods_RedditListTests.framework */,
			);
			name = Frameworks;
			sourceTree = "<group>";
		};
		9B4DD35A24E78CB400053D94 /* Views */ = {
			isa = PBXGroup;
			children = (
				9BCD101824E61E5C00A05994 /* PostTableViewCell.swift */,
			);
			path = Views;
			sourceTree = "<group>";
		};
		9B842DD424E467FF00565652 = {
			isa = PBXGroup;
			children = (
				9B842DDF24E467FF00565652 /* RedditList */,
				9B842DF424E4680400565652 /* RedditListTests */,
				9B842DDE24E467FF00565652 /* Products */,
				0039350D34A3C6639781F037 /* Pods */,
				16922EFF37B7B81C36D577DC /* Frameworks */,
			);
			sourceTree = "<group>";
		};
		9B842DDE24E467FF00565652 /* Products */ = {
			isa = PBXGroup;
			children = (
				9B842DDD24E467FF00565652 /* RedditList.app */,
				9B842DF124E4680400565652 /* RedditListTests.xctest */,
			);
			name = Products;
			sourceTree = "<group>";
		};
		9B842DDF24E467FF00565652 /* RedditList */ = {
			isa = PBXGroup;
			children = (
				9B842DE024E467FF00565652 /* AppDelegate.swift */,
				9B842DE424E467FF00565652 /* Main.storyboard */,
				9B842DE724E4680300565652 /* Assets.xcassets */,
				9B842DE924E4680300565652 /* LaunchScreen.storyboard */,
				9B842DEC24E4680300565652 /* Info.plist */,
				9BCD101724E61D6500A05994 /* ViewControllers */,
				9B4DD35A24E78CB400053D94 /* Views */,
				9BCD101024E5AFA000A05994 /* ViewModels */,
				9BCD100524E4CE0D00A05994 /* DataModels */,
				9BCD100424E4CDA100A05994 /* DataRepository */,
				9BCD100124E4BFC000A05994 /* Networking */,
				9B761B4D24F6D22700A017A9 /* Localizable.strings */,
			);
			path = RedditList;
			sourceTree = "<group>";
		};
		9B842DF424E4680400565652 /* RedditListTests */ = {
			isa = PBXGroup;
			children = (
				9BCD100C24E598B300A05994 /* DataSourceRepoTests.swift */,
				9B842DF724E4680400565652 /* Info.plist */,
			);
			path = RedditListTests;
			sourceTree = "<group>";
		};
		9BCD100124E4BFC000A05994 /* Networking */ = {
			isa = PBXGroup;
			children = (
				9BCD100224E4BFF800A05994 /* RedditAPI.swift */,
			);
			path = Networking;
			sourceTree = "<group>";
		};
		9BCD100424E4CDA100A05994 /* DataRepository */ = {
			isa = PBXGroup;
			children = (
				9BCD100824E4E3C900A05994 /* DataSourceRepo.swift */,
			);
			path = DataRepository;
			sourceTree = "<group>";
		};
		9BCD100524E4CE0D00A05994 /* DataModels */ = {
			isa = PBXGroup;
			children = (
				9BCD100624E4CE7900A05994 /* Post.swift */,
				9BCD100A24E4F0FC00A05994 /* Posts.swift */,
				9BCD100E24E5A0B200A05994 /* Result42.swift */,
			);
			path = DataModels;
			sourceTree = "<group>";
		};
		9BCD101024E5AFA000A05994 /* ViewModels */ = {
			isa = PBXGroup;
			children = (
				9BCD101124E5B01A00A05994 /* PostViewModel.swift */,
				9BCD101324E5BB9600A05994 /* PostsListViewModel.swift */,
			);
			path = ViewModels;
			sourceTree = "<group>";
		};
		9BCD101724E61D6500A05994 /* ViewControllers */ = {
			isa = PBXGroup;
			children = (
				9BCD101524E5FE3400A05994 /* PostsTableViewController.swift */,
				9BCD101A24E636A100A05994 /* PostDetailViewController.swift */,
				9BCD104A24E6F84600A05994 /* PostsRootViewController.swift */,
			);
			path = ViewControllers;
			sourceTree = "<group>";
		};
/* End PBXGroup section */

/* Begin PBXNativeTarget section */
		9B842DDC24E467FF00565652 /* RedditList */ = {
			isa = PBXNativeTarget;
			buildConfigurationList = 9B842DFA24E4680400565652 /* Build configuration list for PBXNativeTarget "RedditList" */;
			buildPhases = (
				219A5CB78C5754770AA1EEB0 /* [CP] Check Pods Manifest.lock */,
				9B842DD924E467FF00565652 /* Sources */,
				9B842DDA24E467FF00565652 /* Frameworks */,
				9B842DDB24E467FF00565652 /* Resources */,
				CE05A2CC59E32BAFA8567C45 /* [CP] Embed Pods Frameworks */,
			);
			buildRules = (
			);
			dependencies = (
			);
			name = RedditList;
			productName = RedditList;
			productReference = 9B842DDD24E467FF00565652 /* RedditList.app */;
			productType = "com.apple.product-type.application";
		};
		9B842DF024E4680400565652 /* RedditListTests */ = {
			isa = PBXNativeTarget;
			buildConfigurationList = 9B842DFD24E4680400565652 /* Build configuration list for PBXNativeTarget "RedditListTests" */;
			buildPhases = (
				A8BE2899C621366D42A39EC8 /* [CP] Check Pods Manifest.lock */,
				9B842DED24E4680400565652 /* Sources */,
				9B842DEE24E4680400565652 /* Frameworks */,
				9B842DEF24E4680400565652 /* Resources */,
			);
			buildRules = (
			);
			dependencies = (
				9B842DF324E4680400565652 /* PBXTargetDependency */,
			);
			name = RedditListTests;
			productName = RedditListTests;
			productReference = 9B842DF124E4680400565652 /* RedditListTests.xctest */;
			productType = "com.apple.product-type.bundle.unit-test";
		};
/* End PBXNativeTarget section */

/* Begin PBXProject section */
		9B842DD524E467FF00565652 /* Project object */ = {
			isa = PBXProject;
			attributes = {
				LastSwiftUpdateCheck = 1030;
				LastUpgradeCheck = 1030;
				ORGANIZATIONNAME = boqiancheng;
				TargetAttributes = {
					9B842DDC24E467FF00565652 = {
						CreatedOnToolsVersion = 10.3;
					};
					9B842DF024E4680400565652 = {
						CreatedOnToolsVersion = 10.3;
						TestTargetID = 9B842DDC24E467FF00565652;
					};
				};
			};
			buildConfigurationList = 9B842DD824E467FF00565652 /* Build configuration list for PBXProject "RedditList" */;
			compatibilityVersion = "Xcode 9.3";
			developmentRegion = en;
			hasScannedForEncodings = 0;
			knownRegions = (
				en,
				Base,
				"zh-Hans",
			);
			mainGroup = 9B842DD424E467FF00565652;
			productRefGroup = 9B842DDE24E467FF00565652 /* Products */;
			projectDirPath = "";
			projectRoot = "";
			targets = (
				9B842DDC24E467FF00565652 /* RedditList */,
				9B842DF024E4680400565652 /* RedditListTests */,
			);
		};
/* End PBXProject section */

/* Begin PBXResourcesBuildPhase section */
		9B842DDB24E467FF00565652 /* Resources */ = {
			isa = PBXResourcesBuildPhase;
			buildActionMask = 2147483647;
			files = (
				9B842DEB24E4680300565652 /* LaunchScreen.storyboard in Resources */,
				9B761B4B24F6D22700A017A9 /* Localizable.strings in Resources */,
				9B842DE824E4680300565652 /* Assets.xcassets in Resources */,
				9B842DE624E467FF00565652 /* Main.storyboard in Resources */,
			);
			runOnlyForDeploymentPostprocessing = 0;
		};
		9B842DEF24E4680400565652 /* Resources */ = {
			isa = PBXResourcesBuildPhase;
			buildActionMask = 2147483647;
			files = (
			);
			runOnlyForDeploymentPostprocessing = 0;
		};
/* End PBXResourcesBuildPhase section */

/* Begin PBXShellScriptBuildPhase section */
		219A5CB78C5754770AA1EEB0 /* [CP] Check Pods Manifest.lock */ = {
			isa = PBXShellScriptBuildPhase;
			buildActionMask = 2147483647;
			files = (
			);
			inputFileListPaths = (
			);
			inputPaths = (
				"${PODS_PODFILE_DIR_PATH}/Podfile.lock",
				"${PODS_ROOT}/Manifest.lock",
			);
			name = "[CP] Check Pods Manifest.lock";
			outputFileListPaths = (
			);
			outputPaths = (
				"$(DERIVED_FILE_DIR)/Pods-RedditList-checkManifestLockResult.txt",
			);
			runOnlyForDeploymentPostprocessing = 0;
			shellPath = /bin/sh;
			shellScript = "diff \"${PODS_PODFILE_DIR_PATH}/Podfile.lock\" \"${PODS_ROOT}/Manifest.lock\" > /dev/null\nif [ $? != 0 ] ; then\n    # print error to STDERR\n    echo \"error: The sandbox is not in sync with the Podfile.lock. Run 'pod install' or update your CocoaPods installation.\" >&2\n    exit 1\nfi\n# This output is used by Xcode 'outputs' to avoid re-running this script phase.\necho \"SUCCESS\" > \"${SCRIPT_OUTPUT_FILE_0}\"\n";
			showEnvVarsInLog = 0;
		};
		A8BE2899C621366D42A39EC8 /* [CP] Check Pods Manifest.lock */ = {
			isa = PBXShellScriptBuildPhase;
			buildActionMask = 2147483647;
			files = (
			);
			inputFileListPaths = (
			);
			inputPaths = (
				"${PODS_PODFILE_DIR_PATH}/Podfile.lock",
				"${PODS_ROOT}/Manifest.lock",
			);
			name = "[CP] Check Pods Manifest.lock";
			outputFileListPaths = (
			);
			outputPaths = (
				"$(DERIVED_FILE_DIR)/Pods-RedditListTests-checkManifestLockResult.txt",
			);
			runOnlyForDeploymentPostprocessing = 0;
			shellPath = /bin/sh;
			shellScript = "diff \"${PODS_PODFILE_DIR_PATH}/Podfile.lock\" \"${PODS_ROOT}/Manifest.lock\" > /dev/null\nif [ $? != 0 ] ; then\n    # print error to STDERR\n    echo \"error: The sandbox is not in sync with the Podfile.lock. Run 'pod install' or update your CocoaPods installation.\" >&2\n    exit 1\nfi\n# This output is used by Xcode 'outputs' to avoid re-running this script phase.\necho \"SUCCESS\" > \"${SCRIPT_OUTPUT_FILE_0}\"\n";
			showEnvVarsInLog = 0;
		};
		CE05A2CC59E32BAFA8567C45 /* [CP] Embed Pods Frameworks */ = {
			isa = PBXShellScriptBuildPhase;
			buildActionMask = 2147483647;
			files = (
			);
			inputFileListPaths = (
				"${PODS_ROOT}/Target Support Files/Pods-RedditList/Pods-RedditList-frameworks-${CONFIGURATION}-input-files.xcfilelist",
			);
			name = "[CP] Embed Pods Frameworks";
			outputFileListPaths = (
				"${PODS_ROOT}/Target Support Files/Pods-RedditList/Pods-RedditList-frameworks-${CONFIGURATION}-output-files.xcfilelist",
			);
			runOnlyForDeploymentPostprocessing = 0;
			shellPath = /bin/sh;
			shellScript = "\"${PODS_ROOT}/Target Support Files/Pods-RedditList/Pods-RedditList-frameworks.sh\"\n";
			showEnvVarsInLog = 0;
		};
/* End PBXShellScriptBuildPhase section */

/* Begin PBXSourcesBuildPhase section */
		9B842DD924E467FF00565652 /* Sources */ = {
			isa = PBXSourcesBuildPhase;
			buildActionMask = 2147483647;
			files = (
				9BCD101924E61E5C00A05994 /* PostTableViewCell.swift in Sources */,
				9BCD104B24E6F84600A05994 /* PostsRootViewController.swift in Sources */,
				9BCD101B24E636A100A05994 /* PostDetailViewController.swift in Sources */,
				9BCD101224E5B01A00A05994 /* PostViewModel.swift in Sources */,
				9BCD101624E5FE3400A05994 /* PostsTableViewController.swift in Sources */,
				9BCD100F24E5A0B200A05994 /* Result42.swift in Sources */,
				9BCD101424E5BB9600A05994 /* PostsListViewModel.swift in Sources */,
				9BCD100B24E4F0FC00A05994 /* Posts.swift in Sources */,
				9B842DE124E467FF00565652 /* AppDelegate.swift in Sources */,
				9BCD100324E4BFF800A05994 /* RedditAPI.swift in Sources */,
				9BCD100924E4E3C900A05994 /* DataSourceRepo.swift in Sources */,
				9BCD100724E4CE7900A05994 /* Post.swift in Sources */,
			);
			runOnlyForDeploymentPostprocessing = 0;
		};
		9B842DED24E4680400565652 /* Sources */ = {
			isa = PBXSourcesBuildPhase;
			buildActionMask = 2147483647;
			files = (
				9BCD100D24E598B300A05994 /* DataSourceRepoTests.swift in Sources */,
			);
			runOnlyForDeploymentPostprocessing = 0;
		};
/* End PBXSourcesBuildPhase section */

/* Begin PBXTargetDependency section */
		9B842DF324E4680400565652 /* PBXTargetDependency */ = {
			isa = PBXTargetDependency;
			target = 9B842DDC24E467FF00565652 /* RedditList */;
			targetProxy = 9B842DF224E4680400565652 /* PBXContainerItemProxy */;
		};
/* End PBXTargetDependency section */

/* Begin PBXVariantGroup section */
		9B761B4D24F6D22700A017A9 /* Localizable.strings */ = {
			isa = PBXVariantGroup;
			children = (
				9B761B4C24F6D22700A017A9 /* zh-Hans */,
				9B761B4E24F6D24800A017A9 /* en */,
			);
			name = Localizable.strings;
			sourceTree = "<group>";
		};
		9B842DE424E467FF00565652 /* Main.storyboard */ = {
			isa = PBXVariantGroup;
			children = (
				9B842DE524E467FF00565652 /* Base */,
				9B761B4724F6D0A000A017A9 /* zh-Hans */,
			);
			name = Main.storyboard;
			sourceTree = "<group>";
		};
		9B842DE924E4680300565652 /* LaunchScreen.storyboard */ = {
			isa = PBXVariantGroup;
			children = (
				9B842DEA24E4680300565652 /* Base */,
				9B761B4824F6D0A000A017A9 /* zh-Hans */,
			);
			name = LaunchScreen.storyboard;
			sourceTree = "<group>";
		};
/* End PBXVariantGroup section */

/* Begin XCBuildConfiguration section */
		9B842DF824E4680400565652 /* Debug */ = {
			isa = XCBuildConfiguration;
			buildSettings = {
				ALWAYS_SEARCH_USER_PATHS = NO;
				CLANG_ANALYZER_LOCALIZABILITY_NONLOCALIZED = YES;
				CLANG_ANALYZER_NONNULL = YES;
				CLANG_ANALYZER_NUMBER_OBJECT_CONVERSION = YES_AGGRESSIVE;
				CLANG_CXX_LANGUAGE_STANDARD = "gnu++14";
				CLANG_CXX_LIBRARY = "libc++";
				CLANG_ENABLE_MODULES = YES;
				CLANG_ENABLE_OBJC_ARC = YES;
				CLANG_ENABLE_OBJC_WEAK = YES;
				CLANG_WARN_BLOCK_CAPTURE_AUTORELEASING = YES;
				CLANG_WARN_BOOL_CONVERSION = YES;
				CLANG_WARN_COMMA = YES;
				CLANG_WARN_CONSTANT_CONVERSION = YES;
				CLANG_WARN_DEPRECATED_OBJC_IMPLEMENTATIONS = YES;
				CLANG_WARN_DIRECT_OBJC_ISA_USAGE = YES_ERROR;
				CLANG_WARN_DOCUMENTATION_COMMENTS = YES;
				CLANG_WARN_EMPTY_BODY = YES;
				CLANG_WARN_ENUM_CONVERSION = YES;
				CLANG_WARN_INFINITE_RECURSION = YES;
				CLANG_WARN_INT_CONVERSION = YES;
				CLANG_WARN_NON_LITERAL_NULL_CONVERSION = YES;
				CLANG_WARN_OBJC_IMPLICIT_RETAIN_SELF = YES;
				CLANG_WARN_OBJC_LITERAL_CONVERSION = YES;
				CLANG_WARN_OBJC_ROOT_CLASS = YES_ERROR;
				CLANG_WARN_RANGE_LOOP_ANALYSIS = YES;
				CLANG_WARN_STRICT_PROTOTYPES = YES;
				CLANG_WARN_SUSPICIOUS_MOVE = YES;
				CLANG_WARN_UNGUARDED_AVAILABILITY = YES_AGGRESSIVE;
				CLANG_WARN_UNREACHABLE_CODE = YES;
				CLANG_WARN__DUPLICATE_METHOD_MATCH = YES;
				CODE_SIGN_IDENTITY = "iPhone Developer";
				COPY_PHASE_STRIP = NO;
				DEBUG_INFORMATION_FORMAT = dwarf;
				ENABLE_STRICT_OBJC_MSGSEND = YES;
				ENABLE_TESTABILITY = YES;
				GCC_C_LANGUAGE_STANDARD = gnu11;
				GCC_DYNAMIC_NO_PIC = NO;
				GCC_NO_COMMON_BLOCKS = YES;
				GCC_OPTIMIZATION_LEVEL = 0;
				GCC_PREPROCESSOR_DEFINITIONS = (
					"DEBUG=1",
					"$(inherited)",
				);
				GCC_WARN_64_TO_32_BIT_CONVERSION = YES;
				GCC_WARN_ABOUT_RETURN_TYPE = YES_ERROR;
				GCC_WARN_UNDECLARED_SELECTOR = YES;
				GCC_WARN_UNINITIALIZED_AUTOS = YES_AGGRESSIVE;
				GCC_WARN_UNUSED_FUNCTION = YES;
				GCC_WARN_UNUSED_VARIABLE = YES;
				IPHONEOS_DEPLOYMENT_TARGET = 12.4;
				MTL_ENABLE_DEBUG_INFO = INCLUDE_SOURCE;
				MTL_FAST_MATH = YES;
				ONLY_ACTIVE_ARCH = YES;
				SDKROOT = iphoneos;
				SWIFT_ACTIVE_COMPILATION_CONDITIONS = DEBUG;
				SWIFT_OPTIMIZATION_LEVEL = "-Onone";
			};
			name = Debug;
		};
		9B842DF924E4680400565652 /* Release */ = {
			isa = XCBuildConfiguration;
			buildSettings = {
				ALWAYS_SEARCH_USER_PATHS = NO;
				CLANG_ANALYZER_LOCALIZABILITY_NONLOCALIZED = YES;
				CLANG_ANALYZER_NONNULL = YES;
				CLANG_ANALYZER_NUMBER_OBJECT_CONVERSION = YES_AGGRESSIVE;
				CLANG_CXX_LANGUAGE_STANDARD = "gnu++14";
				CLANG_CXX_LIBRARY = "libc++";
				CLANG_ENABLE_MODULES = YES;
				CLANG_ENABLE_OBJC_ARC = YES;
				CLANG_ENABLE_OBJC_WEAK = YES;
				CLANG_WARN_BLOCK_CAPTURE_AUTORELEASING = YES;
				CLANG_WARN_BOOL_CONVERSION = YES;
				CLANG_WARN_COMMA = YES;
				CLANG_WARN_CONSTANT_CONVERSION = YES;
				CLANG_WARN_DEPRECATED_OBJC_IMPLEMENTATIONS = YES;
				CLANG_WARN_DIRECT_OBJC_ISA_USAGE = YES_ERROR;
				CLANG_WARN_DOCUMENTATION_COMMENTS = YES;
				CLANG_WARN_EMPTY_BODY = YES;
				CLANG_WARN_ENUM_CONVERSION = YES;
				CLANG_WARN_INFINITE_RECURSION = YES;
				CLANG_WARN_INT_CONVERSION = YES;
				CLANG_WARN_NON_LITERAL_NULL_CONVERSION = YES;
				CLANG_WARN_OBJC_IMPLICIT_RETAIN_SELF = YES;
				CLANG_WARN_OBJC_LITERAL_CONVERSION = YES;
				CLANG_WARN_OBJC_ROOT_CLASS = YES_ERROR;
				CLANG_WARN_RANGE_LOOP_ANALYSIS = YES;
				CLANG_WARN_STRICT_PROTOTYPES = YES;
				CLANG_WARN_SUSPICIOUS_MOVE = YES;
				CLANG_WARN_UNGUARDED_AVAILABILITY = YES_AGGRESSIVE;
				CLANG_WARN_UNREACHABLE_CODE = YES;
				CLANG_WARN__DUPLICATE_METHOD_MATCH = YES;
				CODE_SIGN_IDENTITY = "iPhone Developer";
				COPY_PHASE_STRIP = NO;
				DEBUG_INFORMATION_FORMAT = "dwarf-with-dsym";
				ENABLE_NS_ASSERTIONS = NO;
				ENABLE_STRICT_OBJC_MSGSEND = YES;
				GCC_C_LANGUAGE_STANDARD = gnu11;
				GCC_NO_COMMON_BLOCKS = YES;
				GCC_WARN_64_TO_32_BIT_CONVERSION = YES;
				GCC_WARN_ABOUT_RETURN_TYPE = YES_ERROR;
				GCC_WARN_UNDECLARED_SELECTOR = YES;
				GCC_WARN_UNINITIALIZED_AUTOS = YES_AGGRESSIVE;
				GCC_WARN_UNUSED_FUNCTION = YES;
				GCC_WARN_UNUSED_VARIABLE = YES;
				IPHONEOS_DEPLOYMENT_TARGET = 12.4;
				MTL_ENABLE_DEBUG_INFO = NO;
				MTL_FAST_MATH = YES;
				SDKROOT = iphoneos;
				SWIFT_COMPILATION_MODE = wholemodule;
				SWIFT_OPTIMIZATION_LEVEL = "-O";
				VALIDATE_PRODUCT = YES;
			};
			name = Release;
		};
		9B842DFB24E4680400565652 /* Debug */ = {
			isa = XCBuildConfiguration;
			baseConfigurationReference = 33E8D8FDD2EAF366F346AEF5 /* Pods-RedditList.debug.xcconfig */;
			buildSettings = {
				ASSETCATALOG_COMPILER_APPICON_NAME = AppIcon;
				CODE_SIGN_STYLE = Automatic;
				DEVELOPMENT_TEAM = B3L9Z83YP6;
				INFOPLIST_FILE = RedditList/Info.plist;
				IPHONEOS_DEPLOYMENT_TARGET = 11.0;
				LD_RUNPATH_SEARCH_PATHS = (
					"$(inherited)",
					"@executable_path/Frameworks",
				);
				PRODUCT_BUNDLE_IDENTIFIER = com.boqiancheng.www.RedditList;
				PRODUCT_NAME = "$(TARGET_NAME)";
				SWIFT_VERSION = 5.0;
				TARGETED_DEVICE_FAMILY = "1,2";
			};
			name = Debug;
		};
		9B842DFC24E4680400565652 /* Release */ = {
			isa = XCBuildConfiguration;
			baseConfigurationReference = 6567C3DBCE9016D4B1104700 /* Pods-RedditList.release.xcconfig */;
			buildSettings = {
				ASSETCATALOG_COMPILER_APPICON_NAME = AppIcon;
				CODE_SIGN_STYLE = Automatic;
				DEVELOPMENT_TEAM = B3L9Z83YP6;
				INFOPLIST_FILE = RedditList/Info.plist;
				IPHONEOS_DEPLOYMENT_TARGET = 11.0;
				LD_RUNPATH_SEARCH_PATHS = (
					"$(inherited)",
					"@executable_path/Frameworks",
				);
				PRODUCT_BUNDLE_IDENTIFIER = com.boqiancheng.www.RedditList;
				PRODUCT_NAME = "$(TARGET_NAME)";
				SWIFT_VERSION = 5.0;
				TARGETED_DEVICE_FAMILY = "1,2";
			};
			name = Release;
		};
		9B842DFE24E4680400565652 /* Debug */ = {
			isa = XCBuildConfiguration;
			baseConfigurationReference = F23715F853491435B1D782C2 /* Pods-RedditListTests.debug.xcconfig */;
			buildSettings = {
				ALWAYS_EMBED_SWIFT_STANDARD_LIBRARIES = YES;
				BUNDLE_LOADER = "$(TEST_HOST)";
				CODE_SIGN_STYLE = Automatic;
				DEVELOPMENT_TEAM = N3J95KS6NV;
				INFOPLIST_FILE = RedditListTests/Info.plist;
				LD_RUNPATH_SEARCH_PATHS = (
					"$(inherited)",
					"@executable_path/Frameworks",
					"@loader_path/Frameworks",
				);
				PRODUCT_BUNDLE_IDENTIFIER = com.boqiancheng.www.RedditListTests;
				PRODUCT_NAME = "$(TARGET_NAME)";
				SWIFT_VERSION = 5.0;
				TARGETED_DEVICE_FAMILY = "1,2";
				TEST_HOST = "$(BUILT_PRODUCTS_DIR)/RedditList.app/RedditList";
			};
			name = Debug;
		};
		9B842DFF24E4680400565652 /* Release */ = {
			isa = XCBuildConfiguration;
			baseConfigurationReference = EC6DEA84801683DB497F2061 /* Pods-RedditListTests.release.xcconfig */;
			buildSettings = {
				ALWAYS_EMBED_SWIFT_STANDARD_LIBRARIES = YES;
				BUNDLE_LOADER = "$(TEST_HOST)";
				CODE_SIGN_STYLE = Automatic;
				DEVELOPMENT_TEAM = N3J95KS6NV;
				INFOPLIST_FILE = RedditListTests/Info.plist;
				LD_RUNPATH_SEARCH_PATHS = (
					"$(inherited)",
					"@executable_path/Frameworks",
					"@loader_path/Frameworks",
				);
				PRODUCT_BUNDLE_IDENTIFIER = com.boqiancheng.www.RedditListTests;
				PRODUCT_NAME = "$(TARGET_NAME)";
				SWIFT_VERSION = 5.0;
				TARGETED_DEVICE_FAMILY = "1,2";
				TEST_HOST = "$(BUILT_PRODUCTS_DIR)/RedditList.app/RedditList";
			};
			name = Release;
		};
/* End XCBuildConfiguration section */

/* Begin XCConfigurationList section */
		9B842DD824E467FF00565652 /* Build configuration list for PBXProject "RedditList" */ = {
			isa = XCConfigurationList;
			buildConfigurations = (
				9B842DF824E4680400565652 /* Debug */,
				9B842DF924E4680400565652 /* Release */,
			);
			defaultConfigurationIsVisible = 0;
			defaultConfigurationName = Release;
		};
		9B842DFA24E4680400565652 /* Build configuration list for PBXNativeTarget "RedditList" */ = {
			isa = XCConfigurationList;
			buildConfigurations = (
				9B842DFB24E4680400565652 /* Debug */,
				9B842DFC24E4680400565652 /* Release */,
			);
			defaultConfigurationIsVisible = 0;
			defaultConfigurationName = Release;
		};
		9B842DFD24E4680400565652 /* Build configuration list for PBXNativeTarget "RedditListTests" */ = {
			isa = XCConfigurationList;
			buildConfigurations = (
				9B842DFE24E4680400565652 /* Debug */,
				9B842DFF24E4680400565652 /* Release */,
			);
			defaultConfigurationIsVisible = 0;
			defaultConfigurationName = Release;
		};
/* End XCConfigurationList section */
	};
	rootObject = 9B842DD524E467FF00565652 /* Project object */;
}
